
Microsoft Visual Studio Solution File, Format Version 12.00
# Visual Studio 14
VisualStudioVersion = 14.0.25123.0
MinimumVisualStudioVersion = 10.0.40219.1
Project("{FAE04EC0-301F-11D3-BF4B-00C04F79EFBC}") = "Mutex", "Mutex\Mutex.csproj", "{B92F7D28-70D4-495D-9B70-ED122784AEB6}"
EndProject
Project("{FAE04EC0-301F-11D3-BF4B-00C04F79EFBC}") = "Monitor", "Monitor\Monitor.csproj", "{D6C75E30-A16D-473E-A111-4825821FAA71}"
EndProject
Project("{FAE04EC0-301F-11D3-BF4B-00C04F79EFBC}") = "Pulse", "Pulse\Pulse.csproj", "{BD9F88B2-9448-4325-BE6D-CB58C31B3583}"
EndProject
Project("{FAE04EC0-301F-11D3-BF4B-00C04F79EFBC}") = "Semaphore", "Semaphore\Semaphore.csproj", "{7B80F9C6-20FF-407E-89D6-E3F3A4619F59}"
EndProject
Project("{FAE04EC0-301F-11D3-BF4B-00C04F79EFBC}") = "ResetEvent", "ResetEvent\ResetEvent.csproj", "{E8CA0CF6-2EBE-4F9D-B9FD-D4B17496BE49}"
EndProject
Project("{FAE04EC0-301F-11D3-BF4B-00C04F79EFBC}") = "Barrier", "Barrier\Barrier.csproj", "{75FECC01-8C3A-47E3-9670-5178686B1B8A}"
EndProject
Project("{FAE04EC0-301F-11D3-BF4B-00C04F79EFBC}") = "ThreadPool", "ThreadPool\ThreadPool.csproj", "{F7EE1633-6CB2-4527-8784-544D103ECBED}"
EndProject
Project("{FAE04EC0-301F-11D3-BF4B-00C04F79EFBC}") = "Task", "Task\Task.csproj", "{5EC017B1-00A6-45F8-A350-E234F51A090F}"
EndProject
Project("{FAE04EC0-301F-11D3-BF4B-00C04F79EFBC}") = "AsyncAwait", "AsyncAwait\AsyncAwait.csproj", "{53D38153-468A-452F-9949-D9E8AE54F8CA}"
EndProject
Global
	GlobalSection(SolutionConfigurationPlatforms) = preSolution
		Debug|Any CPU = Debug|Any CPU
		Release|Any CPU = Release|Any CPU
	EndGlobalSection
	GlobalSection(ProjectConfigurationPlatforms) = postSolution
		{B92F7D28-70D4-495D-9B70-ED122784AEB6}.Debug|Any CPU.ActiveCfg = Debug|Any CPU
		{B92F7D28-70D4-495D-9B70-ED122784AEB6}.Debug|Any CPU.Build.0 = Debug|Any CPU
		{B92F7D28-70D4-495D-9B70-ED122784AEB6}.Release|Any CPU.ActiveCfg = Release|Any CPU
		{B92F7D28-70D4-495D-9B70-ED122784AEB6}.Release|Any CPU.Build.0 = Release|Any CPU
		{D6C75E30-A16D-473E-A111-4825821FAA71}.Debug|Any CPU.ActiveCfg = Debug|Any CPU
		{D6C75E30-A16D-473E-A111-4825821FAA71}.Debug|Any CPU.Build.0 = Debug|Any CPU
		{D6C75E30-A16D-473E-A111-4825821FAA71}.Release|Any CPU.ActiveCfg = Release|Any CPU
		{D6C75E30-A16D-473E-A111-4825821FAA71}.Release|Any CPU.Build.0 = Release|Any CPU
		{BD9F88B2-9448-4325-BE6D-CB58C31B3583}.Debug|Any CPU.ActiveCfg = Debug|Any CPU
		{BD9F88B2-9448-4325-BE6D-CB58C31B3583}.Debug|Any CPU.Build.0 = Debug|Any CPU
		{BD9F88B2-9448-4325-BE6D-CB58C31B3583}.Release|Any CPU.ActiveCfg = Release|Any CPU
		{BD9F88B2-9448-4325-BE6D-CB58C31B3583}.Release|Any CPU.Build.0 = Release|Any CPU
		{7B80F9C6-20FF-407E-89D6-E3F3A4619F59}.Debug|Any CPU.ActiveCfg = Debug|Any CPU
		{7B80F9C6-20FF-407E-89D6-E3F3A4619F59}.Debug|Any CPU.Build.0 = Debug|Any CPU
		{7B80F9C6-20FF-407E-89D6-E3F3A4619F59}.Release|Any CPU.ActiveCfg = Release|Any CPU
		{7B80F9C6-20FF-407E-89D6-E3F3A4619F59}.Release|Any CPU.Build.0 = Release|Any CPU
		{E8CA0CF6-2EBE-4F9D-B9FD-D4B17496BE49}.Debug|Any CPU.ActiveCfg = Debug|Any CPU
		{E8CA0CF6-2EBE-4F9D-B9FD-D4B17496BE49}.Debug|Any CPU.Build.0 = Debug|Any CPU
		{E8CA0CF6-2EBE-4F9D-B9FD-D4B17496BE49}.Release|Any CPU.ActiveCfg = Release|Any CPU
		{E8CA0CF6-2EBE-4F9D-B9FD-D4B17496BE49}.Release|Any CPU.Build.0 = Release|Any CPU
		{75FECC01-8C3A-47E3-9670-5178686B1B8A}.Debug|Any CPU.ActiveCfg = Debug|Any CPU
		{75FECC01-8C3A-47E3-9670-5178686B1B8A}.Debug|Any CPU.Build.0 = Debug|Any CPU
		{75FECC01-8C3A-47E3-9670-5178686B1B8A}.Release|Any CPU.ActiveCfg = Release|Any CPU
		{75FECC01-8C3A-47E3-9670-5178686B1B8A}.Release|Any CPU.Build.0 = Release|Any CPU
		{F7EE1633-6CB2-4527-8784-544D103ECBED}.Debug|Any CPU.ActiveCfg = Debug|Any CPU
		{F7EE1633-6CB2-4527-8784-544D103ECBED}.Debug|Any CPU.Build.0 = Debug|Any CPU
		{F7EE1633-6CB2-4527-8784-544D103ECBED}.Release|Any CPU.ActiveCfg = Release|Any CPU
		{F7EE1633-6CB2-4527-8784-544D103ECBED}.Release|Any CPU.Build.0 = Release|Any CPU
		{5EC017B1-00A6-45F8-A350-E234F51A090F}.Debug|Any CPU.ActiveCfg = Debug|Any CPU
		{5EC017B1-00A6-45F8-A350-E234F51A090F}.Debug|Any CPU.Build.0 = Debug|Any CPU
		{5EC017B1-00A6-45F8-A350-E234F51A090F}.Release|Any CPU.ActiveCfg = Release|Any CPU
		{5EC017B1-00A6-45F8-A350-E234F51A090F}.Release|Any CPU.Build.0 = Release|Any CPU
		{53D38153-468A-452F-9949-D9E8AE54F8CA}.Debug|Any CPU.ActiveCfg = Debug|Any CPU
		{53D38153-468A-452F-9949-D9E8AE54F8CA}.Debug|Any CPU.Build.0 = Debug|Any CPU
		{53D38153-468A-452F-9949-D9E8AE54F8CA}.Release|Any CPU.ActiveCfg = Release|Any CPU
		{53D38153-468A-452F-9949-D9E8AE54F8CA}.Release|Any CPU.Build.0 = Release|Any CPU
	EndGlobalSection
	GlobalSection(SolutionProperties) = preSolution
		HideSolutionNode = FALSE
	EndGlobalSection
EndGlobal
